
Microsoft Visual Studio Solution File, Format Version 12.00
# Visual Studio Version 17
VisualStudioVersion = 17.11.35017.193
MinimumVisualStudioVersion = 10.0.40219.1
Project("{9A19103F-16F7-4668-BE54-9A1E7A4F7556}") = "MakeBookCLI", "MakeBookCLI\MakeBookCLI.csproj", "{7D1E8614-D7EC-47C2-8BC4-125D9C13A542}"
EndProject
Project("{9A19103F-16F7-4668-BE54-9A1E7A4F7556}") = "MakeBookObjects", "MakeBookObjects\MakeBookObjects.csproj", "{B1EAC6E8-94CF-40B3-BAE4-57B19385C790}"
EndProject
Project("{9A19103F-16F7-4668-BE54-9A1E7A4F7556}") = "MakeBookObjectsFromTemplate", "MakeBookObjectsFromTemplate\MakeBookObjectsFromTemplate.csproj", "{EDB13984-BF1F-4482-9BE1-BBACDE272596}"
EndProject
Project("{9A19103F-16F7-4668-BE54-9A1E7A4F7556}") = "MakeBookClIObjects", "MakeBookClIObjects\MakeBookClIObjects.csproj", "{30C514B4-793E-4CD8-9ECC-407ACD633CCD}"
EndProject
Project("{9A19103F-16F7-4668-BE54-9A1E7A4F7556}") = "MakeBookInit", "MakeBookInit\MakeBookInit.csproj", "{FB134866-BE61-48F3-8584-053B4780FFD1}"
EndProject
Project("{FAE04EC0-301F-11D3-BF4B-00C04F79EFBC}") = "MakeBookObjectsTemplating", "MakeBookObjectsTemplating\MakeBookObjectsTemplating.csproj", "{977922EB-C626-4ACA-B82D-8AD160E252FD}"
EndProject
Global
	GlobalSection(SolutionConfigurationPlatforms) = preSolution
		Debug|Any CPU = Debug|Any CPU
		Release|Any CPU = Release|Any CPU
	EndGlobalSection
	GlobalSection(ProjectConfigurationPlatforms) = postSolution
		{7D1E8614-D7EC-47C2-8BC4-125D9C13A542}.Debug|Any CPU.ActiveCfg = Debug|Any CPU
		{7D1E8614-D7EC-47C2-8BC4-125D9C13A542}.Debug|Any CPU.Build.0 = Debug|Any CPU
		{7D1E8614-D7EC-47C2-8BC4-125D9C13A542}.Release|Any CPU.ActiveCfg = Release|Any CPU
		{7D1E8614-D7EC-47C2-8BC4-125D9C13A542}.Release|Any CPU.Build.0 = Release|Any CPU
		{B1EAC6E8-94CF-40B3-BAE4-57B19385C790}.Debug|Any CPU.ActiveCfg = Debug|Any CPU
		{B1EAC6E8-94CF-40B3-BAE4-57B19385C790}.Debug|Any CPU.Build.0 = Debug|Any CPU
		{B1EAC6E8-94CF-40B3-BAE4-57B19385C790}.Release|Any CPU.ActiveCfg = Release|Any CPU
		{B1EAC6E8-94CF-40B3-BAE4-57B19385C790}.Release|Any CPU.Build.0 = Release|Any CPU
		{EDB13984-BF1F-4482-9BE1-BBACDE272596}.Debug|Any CPU.ActiveCfg = Debug|Any CPU
		{EDB13984-BF1F-4482-9BE1-BBACDE272596}.Debug|Any CPU.Build.0 = Debug|Any CPU
		{EDB13984-BF1F-4482-9BE1-BBACDE272596}.Release|Any CPU.ActiveCfg = Release|Any CPU
		{EDB13984-BF1F-4482-9BE1-BBACDE272596}.Release|Any CPU.Build.0 = Release|Any CPU
		{30C514B4-793E-4CD8-9ECC-407ACD633CCD}.Debug|Any CPU.ActiveCfg = Debug|Any CPU
		{30C514B4-793E-4CD8-9ECC-407ACD633CCD}.Debug|Any CPU.Build.0 = Debug|Any CPU
		{30C514B4-793E-4CD8-9ECC-407ACD633CCD}.Release|Any CPU.ActiveCfg = Release|Any CPU
		{30C514B4-793E-4CD8-9ECC-407ACD633CCD}.Release|Any CPU.Build.0 = Release|Any CPU
		{FB134866-BE61-48F3-8584-053B4780FFD1}.Debug|Any CPU.ActiveCfg = Debug|Any CPU
		{FB134866-BE61-48F3-8584-053B4780FFD1}.Debug|Any CPU.Build.0 = Debug|Any CPU
		{FB134866-BE61-48F3-8584-053B4780FFD1}.Release|Any CPU.ActiveCfg = Release|Any CPU
		{FB134866-BE61-48F3-8584-053B4780FFD1}.Release|Any CPU.Build.0 = Release|Any CPU
		{977922EB-C626-4ACA-B82D-8AD160E252FD}.Debug|Any CPU.ActiveCfg = Debug|Any CPU
		{977922EB-C626-4ACA-B82D-8AD160E252FD}.Debug|Any CPU.Build.0 = Debug|Any CPU
		{977922EB-C626-4ACA-B82D-8AD160E252FD}.Release|Any CPU.ActiveCfg = Release|Any CPU
		{977922EB-C626-4ACA-B82D-8AD160E252FD}.Release|Any CPU.Build.0 = Release|Any CPU
	EndGlobalSection
	GlobalSection(SolutionProperties) = preSolution
		HideSolutionNode = FALSE
	EndGlobalSection
	GlobalSection(ExtensibilityGlobals) = postSolution
		SolutionGuid = {0C750617-8163-42D8-BE7C-347C1105CE5A}
	EndGlobalSection
EndGlobal
